Microsoft Visual Studio Solution File, Format Version 12.00
# Visual Studio Version 17
VisualStudioVersion = 17.0.31903.59
MinimumVisualStudioVersion = 10.0.40219.1
Project("{FAE04EC0-301F-11D3-BF4B-00C04F79EFBC}") = "Backend.Persistence", "src\Backend.Persistence\Backend.Persistence.csproj", "{CF6C8F56-1393-4B32-8BD4-4CE749269BFB}"
EndProject
Global
	GlobalSection(SolutionConfigurationPlatforms) = preSolution
		Debug|Any CPU = Debug|Any CPU
		Release|Any CPU = Release|Any CPU
	EndGlobalSection
	GlobalSection(ProjectConfigurationPlatforms) = postSolution
		{CF6C8F56-1393-4B32-8BD4-4CE749269BFB}.Debug|Any CPU.ActiveCfg = Debug|Any CPU
		{CF6C8F56-1393-4B32-8BD4-4CE749269BFB}.Debug|Any CPU.Build.0 = Debug|Any CPU
		{CF6C8F56-1393-4B32-8BD4-4CE749269BFB}.Release|Any CPU.ActiveCfg = Release|Any CPU
		{CF6C8F56-1393-4B32-8BD4-4CE749269BFB}.Release|Any CPU.Build.0 = Release|Any CPU
	EndGlobalSection
EndGlobal
